
Microsoft Visual Studio Solution File, Format Version 12.00
# Visual Studio 15
VisualStudioVersion = 15.0.27130.2036
MinimumVisualStudioVersion = 10.0.40219.1
Project("{FAE04EC0-301F-11D3-BF4B-00C04F79EFBC}") = "ConsoleExercise_1", "ConsoleExercise_1\ConsoleExercise_1.csproj", "{F4860EC1-1D36-4C10-998A-00F02A37B437}"
EndProject
Global
	GlobalSection(SolutionConfigurationPlatforms) = preSolution
		Debug|Any CPU = Debug|Any CPU
		Release|Any CPU = Release|Any CPU
	EndGlobalSection
	GlobalSection(ProjectConfigurationPlatforms) = postSolution
		{F4860EC1-1D36-4C10-998A-00F02A37B437}.Debug|Any CPU.ActiveCfg = Debug|Any CPU
		{F4860EC1-1D36-4C10-998A-00F02A37B437}.Debug|Any CPU.Build.0 = Debug|Any CPU
		{F4860EC1-1D36-4C10-998A-00F02A37B437}.Release|Any CPU.ActiveCfg = Release|Any CPU
		{F4860EC1-1D36-4C10-998A-00F02A37B437}.Release|Any CPU.Build.0 = Release|Any CPU
	EndGlobalSection
	GlobalSection(SolutionProperties) = preSolution
		HideSolutionNode = FALSE
	EndGlobalSection
	GlobalSection(ExtensibilityGlobals) = postSolution
		SolutionGuid = {392AB8D5-2E8E-4AF9-B012-2E6CA5731A6E}
	EndGlobalSection
EndGlobal
